
Microsoft Visual Studio Solution File, Format Version 12.00
# Visual Studio Version 16
VisualStudioVersion = 16.0.32510.428
MinimumVisualStudioVersion = 10.0.40219.1
Project("{FAE04EC0-301F-11D3-BF4B-00C04F79EFBC}") = "WebpAnimationViewer", "WebpAnimationViewer.csproj", "{A1DABDCE-7589-42E7-BB93-537943A580FD}"
EndProject
Global
	GlobalSection(SolutionConfigurationPlatforms) = preSolution
		Debug|Any CPU = Debug|Any CPU
		Debug|x64 = Debug|x64
		Release|Any CPU = Release|Any CPU
		Release|x64 = Release|x64
	EndGlobalSection
	GlobalSection(ProjectConfigurationPlatforms) = postSolution
		{A1DABDCE-7589-42E7-BB93-537943A580FD}.Debug|Any CPU.ActiveCfg = Debug|Any CPU
		{A1DABDCE-7589-42E7-BB93-537943A580FD}.Debug|Any CPU.Build.0 = Debug|Any CPU
		{A1DABDCE-7589-42E7-BB93-537943A580FD}.Debug|x64.ActiveCfg = Debug|Any CPU
		{A1DABDCE-7589-42E7-BB93-537943A580FD}.Debug|x64.Build.0 = Debug|Any CPU
		{A1DABDCE-7589-42E7-BB93-537943A580FD}.Release|Any CPU.ActiveCfg = Release|Any CPU
		{A1DABDCE-7589-42E7-BB93-537943A580FD}.Release|Any CPU.Build.0 = Release|Any CPU
		{A1DABDCE-7589-42E7-BB93-537943A580FD}.Release|x64.ActiveCfg = Release|Any CPU
		{A1DABDCE-7589-42E7-BB93-537943A580FD}.Release|x64.Build.0 = Release|Any CPU
	EndGlobalSection
	GlobalSection(SolutionProperties) = preSolution
		HideSolutionNode = FALSE
	EndGlobalSection
	GlobalSection(ExtensibilityGlobals) = postSolution
		SolutionGuid = {6FF2B261-185F-4C50-A02C-8CB4DB9269EB}
	EndGlobalSection
EndGlobal
